
Microsoft Visual Studio Solution File, Format Version 12.00
# Visual Studio Version 17
VisualStudioVersion = 17.4.33213.308
MinimumVisualStudioVersion = 10.0.40219.1
Project("{9A19103F-16F7-4668-BE54-9A1E7A4F7556}") = "SocialNetwork", "SocialNetwork\SocialNetwork.csproj", "{50298B98-7376-435C-80EA-0BC3F26FFEC8}"
EndProject
Global
	GlobalSection(SolutionConfigurationPlatforms) = preSolution
		Debug|Any CPU = Debug|Any CPU
		Release|Any CPU = Release|Any CPU
	EndGlobalSection
	GlobalSection(ProjectConfigurationPlatforms) = postSolution
		{50298B98-7376-435C-80EA-0BC3F26FFEC8}.Debug|Any CPU.ActiveCfg = Debug|Any CPU
		{50298B98-7376-435C-80EA-0BC3F26FFEC8}.Debug|Any CPU.Build.0 = Debug|Any CPU
		{50298B98-7376-435C-80EA-0BC3F26FFEC8}.Release|Any CPU.ActiveCfg = Release|Any CPU
		{50298B98-7376-435C-80EA-0BC3F26FFEC8}.Release|Any CPU.Build.0 = Release|Any CPU
	EndGlobalSection
	GlobalSection(SolutionProperties) = preSolution
		HideSolutionNode = FALSE
	EndGlobalSection
	GlobalSection(ExtensibilityGlobals) = postSolution
		SolutionGuid = {360D163E-1C7E-4586-958E-DDE530AEAD57}
	EndGlobalSection
EndGlobal
